// !$*UTF8*$!
{
	archiveVersion = 1;
	classes = {
	};
	objectVersion = 48;
	objects = {

/* Begin PBXBuildFile section */
		939957F920DFC8C3004859EC /* AppDelegate.m in Sources */ = {isa = PBXBuildFile; fileRef = 939957F820DFC8C3004859EC /* AppDelegate.m */; };
		939957FC20DFC8C3004859EC /* ViewController.m in Sources */ = {isa = PBXBuildFile; fileRef = 939957FB20DFC8C3004859EC /* ViewController.m */; };
		939957FF20DFC8C3004859EC /* Main.storyboard in Resources */ = {isa = PBXBuildFile; fileRef = 939957FD20DFC8C3004859EC /* Main.storyboard */; };
		9399580120DFC8C3004859EC /* Assets.xcassets in Resources */ = {isa = PBXBuildFile; fileRef = 9399580020DFC8C3004859EC /* Assets.xcassets */; };
		9399580420DFC8C3004859EC /* LaunchScreen.storyboard in Resources */ = {isa = PBXBuildFile; fileRef = 9399580220DFC8C3004859EC /* LaunchScreen.storyboard */; };
		9399580720DFC8C3004859EC /* main.m in Sources */ = {isa = PBXBuildFile; fileRef = 9399580620DFC8C3004859EC /* main.m */; };
		9399581120DFC8C3004859EC /* GCDTests.m in Sources */ = {isa = PBXBuildFile; fileRef = 9399581020DFC8C3004859EC /* GCDTests.m */; };
		9399581C20DFC8C3004859EC /* GCDUITests.m in Sources */ = {isa = PBXBuildFile; fileRef = 9399581B20DFC8C3004859EC /* GCDUITests.m */; };
/* End PBXBuildFile section */

/* Begin PBXContainerItemProxy section */
		9399580D20DFC8C3004859EC /* PBXContainerItemProxy */ = {
			isa = PBXContainerItemProxy;
			containerPortal = 939957EC20DFC8C2004859EC /* Project object */;
			proxyType = 1;
			remoteGlobalIDString = 939957F320DFC8C3004859EC;
			remoteInfo = GCD;
		};
		9399581820DFC8C3004859EC /* PBXContainerItemProxy */ = {
			isa = PBXContainerItemProxy;
			containerPortal = 939957EC20DFC8C2004859EC /* Project object */;
			proxyType = 1;
			remoteGlobalIDString = 939957F320DFC8C3004859EC;
			remoteInfo = GCD;
		};
/* End PBXContainerItemProxy section */

/* Begin PBXFileReference section */
		939957F420DFC8C3004859EC /* GCD.app */ = {isa = PBXFileReference; explicitFileType = wrapper.application; includeInIndex = 0; path = GCD.app; sourceTree = BUILT_PRODUCTS_DIR; };
		939957F720DFC8C3004859EC /* AppDelegate.h */ = {isa = PBXFileReference; lastKnownFileType = sourcecode.c.h; path = AppDelegate.h; sourceTree = "<group>"; };
		939957F820DFC8C3004859EC /* AppDelegate.m */ = {isa = PBXFileReference; lastKnownFileType = sourcecode.c.objc; path = AppDelegate.m; sourceTree = "<group>"; };
		939957FA20DFC8C3004859EC /* ViewController.h */ = {isa = PBXFileReference; lastKnownFileType = sourcecode.c.h; path = ViewController.h; sourceTree = "<group>"; };
		939957FB20DFC8C3004859EC /* ViewController.m */ = {isa = PBXFileReference; lastKnownFileType = sourcecode.c.objc; path = ViewController.m; sourceTree = "<group>"; };
		939957FE20DFC8C3004859EC /* Base */ = {isa = PBXFileReference; lastKnownFileType = file.storyboard; name = Base; path = Base.lproj/Main.storyboard; sourceTree = "<group>"; };
		9399580020DFC8C3004859EC /* Assets.xcassets */ = {isa = PBXFileReference; lastKnownFileType = folder.assetcatalog; path = Assets.xcassets; sourceTree = "<group>"; };
		9399580320DFC8C3004859EC /* Base */ = {isa = PBXFileReference; lastKnownFileType = file.storyboard; name = Base; path = Base.lproj/LaunchScreen.storyboard; sourceTree = "<group>"; };
		9399580520DFC8C3004859EC /* Info.plist */ = {isa = PBXFileReference; lastKnownFileType = text.plist.xml; path = Info.plist; sourceTree = "<group>"; };
		9399580620DFC8C3004859EC /* main.m */ = {isa = PBXFileReference; lastKnownFileType = sourcecode.c.objc; path = main.m; sourceTree = "<group>"; };
		9399580C20DFC8C3004859EC /* GCDTests.xctest */ = {isa = PBXFileReference; explicitFileType = wrapper.cfbundle; includeInIndex = 0; path = GCDTests.xctest; sourceTree = BUILT_PRODUCTS_DIR; };
		9399581020DFC8C3004859EC /* GCDTests.m */ = {isa = PBXFileReference; lastKnownFileType = sourcecode.c.objc; path = GCDTests.m; sourceTree = "<group>"; };
		9399581220DFC8C3004859EC /* Info.plist */ = {isa = PBXFileReference; lastKnownFileType = text.plist.xml; path = Info.plist; sourceTree = "<group>"; };
		9399581720DFC8C3004859EC /* GCDUITests.xctest */ = {isa = PBXFileReference; explicitFileType = wrapper.cfbundle; includeInIndex = 0; path = GCDUITests.xctest; sourceTree = BUILT_PRODUCTS_DIR; };
		9399581B20DFC8C3004859EC /* GCDUITests.m */ = {isa = PBXFileReference; lastKnownFileType = sourcecode.c.objc; path = GCDUITests.m; sourceTree = "<group>"; };
		9399581D20DFC8C3004859EC /* Info.plist */ = {isa = PBXFileReference; lastKnownFileType = text.plist.xml; path = Info.plist; sourceTree = "<group>"; };
/* End PBXFileReference section */

/* Begin PBXFrameworksBuildPhase section */
		939957F120DFC8C3004859EC /* Frameworks */ = {
			isa = PBXFrameworksBuildPhase;
			buildActionMask = 2147483647;
			files = (
			);
			runOnlyForDeploymentPostprocessing = 0;
		};
		9399580920DFC8C3004859EC /* Frameworks */ = {
			isa = PBXFrameworksBuildPhase;
			buildActionMask = 2147483647;
			files = (
			);
			runOnlyForDeploymentPostprocessing = 0;
		};
		9399581420DFC8C3004859EC /* Frameworks */ = {
			isa = PBXFrameworksBuildPhase;
			buildActionMask = 2147483647;
			files = (
			);
			runOnlyForDeploymentPostprocessing = 0;
		};
/* End PBXFrameworksBuildPhase section */

/* Begin PBXGroup section */
		939957EB20DFC8C2004859EC = {
			isa = PBXGroup;
			children = (
				939957F620DFC8C3004859EC /* GCD */,
				9399580F20DFC8C3004859EC /* GCDTests */,
				9399581A20DFC8C3004859EC /* GCDUITests */,
				939957F520DFC8C3004859EC /* Products */,
			);
			sourceTree = "<group>";
		};
		939957F520DFC8C3004859EC /* Products */ = {
			isa = PBXGroup;
			children = (
				939957F420DFC8C3004859EC /* GCD.app */,
				9399580C20DFC8C3004859EC /* GCDTests.xctest */,
				9399581720DFC8C3004859EC /* GCDUITests.xctest */,
			);
			name = Products;
			sourceTree = "<group>";
		};
		939957F620DFC8C3004859EC /* GCD */ = {
			isa = PBXGroup;
			children = (
				939957F720DFC8C3004859EC /* AppDelegate.h */,
				939957F820DFC8C3004859EC /* AppDelegate.m */,
				939957FA20DFC8C3004859EC /* ViewController.h */,
				939957FB20DFC8C3004859EC /* ViewController.m */,
				939957FD20DFC8C3004859EC /* Main.storyboard */,
				9399580020DFC8C3004859EC /* Assets.xcassets */,
				9399580220DFC8C3004859EC /* LaunchScreen.storyboard */,
				9399580520DFC8C3004859EC /* Info.plist */,
				9399580620DFC8C3004859EC /* main.m */,
			);
			path = GCD;
			sourceTree = "<group>";
		};
		9399580F20DFC8C3004859EC /* GCDTests */ = {
			isa = PBXGroup;
			children = (
				9399581020DFC8C3004859EC /* GCDTests.m */,
				9399581220DFC8C3004859EC /* Info.plist */,
			);
			path = GCDTests;
			sourceTree = "<group>";
		};
		9399581A20DFC8C3004859EC /* GCDUITests */ = {
			isa = PBXGroup;
			children = (
				9399581B20DFC8C3004859EC /* GCDUITests.m */,
				9399581D20DFC8C3004859EC /* Info.plist */,
			);
			path = GCDUITests;
			sourceTree = "<group>";
		};
/* End PBXGroup section */

/* Begin PBXNativeTarget section */
		939957F320DFC8C3004859EC /* GCD */ = {
			isa = PBXNativeTarget;
			buildConfigurationList = 9399582020DFC8C3004859EC /* Build configuration list for PBXNativeTarget "GCD" */;
			buildPhases = (
				939957F020DFC8C3004859EC /* Sources */,
				939957F120DFC8C3004859EC /* Frameworks */,
				939957F220DFC8C3004859EC /* Resources */,
			);
			buildRules = (
			);
			dependencies = (
			);
			name = GCD;
			productName = GCD;
			productReference = 939957F420DFC8C3004859EC /* GCD.app */;
			productType = "com.apple.product-type.application";
		};
		9399580B20DFC8C3004859EC /* GCDTests */ = {
			isa = PBXNativeTarget;
			buildConfigurationList = 9399582320DFC8C3004859EC /* Build configuration list for PBXNativeTarget "GCDTests" */;
			buildPhases = (
				9399580820DFC8C3004859EC /* Sources */,
				9399580920DFC8C3004859EC /* Frameworks */,
				9399580A20DFC8C3004859EC /* Resources */,
			);
			buildRules = (
			);
			dependencies = (
				9399580E20DFC8C3004859EC /* PBXTargetDependency */,
			);
			name = GCDTests;
			productName = GCDTests;
			productReference = 9399580C20DFC8C3004859EC /* GCDTests.xctest */;
			productType = "com.apple.product-type.bundle.unit-test";
		};
		9399581620DFC8C3004859EC /* GCDUITests */ = {
			isa = PBXNativeTarget;
			buildConfigurationList = 9399582620DFC8C3004859EC /* Build configuration list for PBXNativeTarget "GCDUITests" */;
			buildPhases = (
				9399581320DFC8C3004859EC /* Sources */,
				9399581420DFC8C3004859EC /* Frameworks */,
				9399581520DFC8C3004859EC /* Resources */,
			);
			buildRules = (
			);
			dependencies = (
				9399581920DFC8C3004859EC /* PBXTargetDependency */,
			);
			name = GCDUITests;
			productName = GCDUITests;
			productReference = 9399581720DFC8C3004859EC /* GCDUITests.xctest */;
			productType = "com.apple.product-type.bundle.ui-testing";
		};
/* End PBXNativeTarget section */

/* Begin PBXProject section */
		939957EC20DFC8C2004859EC /* Project object */ = {
			isa = PBXProject;
			attributes = {
				LastUpgradeCheck = 0900;
				ORGANIZATIONNAME = wenwen;
				TargetAttributes = {
					939957F320DFC8C3004859EC = {
						CreatedOnToolsVersion = 9.0;
						ProvisioningStyle = Automatic;
					};
					9399580B20DFC8C3004859EC = {
						CreatedOnToolsVersion = 9.0;
						ProvisioningStyle = Automatic;
						TestTargetID = 939957F320DFC8C3004859EC;
					};
					9399581620DFC8C3004859EC = {
						CreatedOnToolsVersion = 9.0;
						ProvisioningStyle = Automatic;
						TestTargetID = 939957F320DFC8C3004859EC;
					};
				};
			};
			buildConfigurationList = 939957EF20DFC8C2004859EC /* Build configuration list for PBXProject "GCD" */;
			compatibilityVersion = "Xcode 8.0";
			developmentRegion = en;
			hasScannedForEncodings = 0;
			knownRegions = (
				en,
				Base,
			);
			mainGroup = 939957EB20DFC8C2004859EC;
			productRefGroup = 939957F520DFC8C3004859EC /* Products */;
			projectDirPath = "";
			projectRoot = "";
			targets = (
				939957F320DFC8C3004859EC /* GCD */,
				9399580B20DFC8C3004859EC /* GCDTests */,
				9399581620DFC8C3004859EC /* GCDUITests */,
			);
		};
/* End PBXProject section */

/* Begin PBXResourcesBuildPhase section */
		939957F220DFC8C3004859EC /* Resources */ = {
			isa = PBXResourcesBuildPhase;
			buildActionMask = 2147483647;
			files = (
				9399580420DFC8C3004859EC /* LaunchScreen.storyboard in Resources */,
				9399580120DFC8C3004859EC /* Assets.xcassets in Resources */,
				939957FF20DFC8C3004859EC /* Main.storyboard in Resources */,
			);
			runOnlyForDeploymentPostprocessing = 0;
		};
		9399580A20DFC8C3004859EC /* Resources */ = {
			isa = PBXResourcesBuildPhase;
			buildActionMask = 2147483647;
			files = (
			);
			runOnlyForDeploymentPostprocessing = 0;
		};
		9399581520DFC8C3004859EC /* Resources */ = {
			isa = PBXResourcesBuildPhase;
			buildActionMask = 2147483647;
			files = (
			);
			runOnlyForDeploymentPostprocessing = 0;
		};
/* End PBXResourcesBuildPhase section */

/* Begin PBXSourcesBuildPhase section */
		939957F020DFC8C3004859EC /* Sources */ = {
			isa = PBXSourcesBuildPhase;
			buildActionMask = 2147483647;
			files = (
				939957FC20DFC8C3004859EC /* ViewController.m in Sources */,
				9399580720DFC8C3004859EC /* main.m in Sources */,
				939957F920DFC8C3004859EC /* AppDelegate.m in Sources */,
			);
			runOnlyForDeploymentPostprocessing = 0;
		};
		9399580820DFC8C3004859EC /* Sources */ = {
			isa = PBXSourcesBuildPhase;
			buildActionMask = 2147483647;
			files = (
				9399581120DFC8C3004859EC /* GCDTests.m in Sources */,
			);
			runOnlyForDeploymentPostprocessing = 0;
		};
		9399581320DFC8C3004859EC /* Sources */ = {
			isa = PBXSourcesBuildPhase;
			buildActionMask = 2147483647;
			files = (
				9399581C20DFC8C3004859EC /* GCDUITests.m in Sources */,
			);
			runOnlyForDeploymentPostprocessing = 0;
		};
/* End PBXSourcesBuildPhase section */

/* Begin PBXTargetDependency section */
		9399580E20DFC8C3004859EC /* PBXTargetDependency */ = {
			isa = PBXTargetDependency;
			target = 939957F320DFC8C3004859EC /* GCD */;
			targetProxy = 9399580D20DFC8C3004859EC /* PBXContainerItemProxy */;
		};
		9399581920DFC8C3004859EC /* PBXTargetDependency */ = {
			isa = PBXTargetDependency;
			target = 939957F320DFC8C3004859EC /* GCD */;
			targetProxy = 9399581820DFC8C3004859EC /* PBXContainerItemProxy */;
		};
/* End PBXTargetDependency section */

/* Begin PBXVariantGroup section */
		939957FD20DFC8C3004859EC /* Main.storyboard */ = {
			isa = PBXVariantGroup;
			children = (
				939957FE20DFC8C3004859EC /* Base */,
			);
			name = Main.storyboard;
			sourceTree = "<group>";
		};
		9399580220DFC8C3004859EC /* LaunchScreen.storyboard */ = {
			isa = PBXVariantGroup;
			children = (
				9399580320DFC8C3004859EC /* Base */,
			);
			name = LaunchScreen.storyboard;
			sourceTree = "<group>";
		};
/* End PBXVariantGroup section */

/* Begin XCBuildConfiguration section */
		9399581E20DFC8C3004859EC /* Debug */ = {
			isa = XCBuildConfiguration;
			buildSettings = {
				ALWAYS_SEARCH_USER_PATHS = NO;
				CLANG_ANALYZER_NONNULL = YES;
				CLANG_ANALYZER_NUMBER_OBJECT_CONVERSION = YES_AGGRESSIVE;
				CLANG_CXX_LANGUAGE_STANDARD = "gnu++14";
				CLANG_CXX_LIBRARY = "libc++";
				CLANG_ENABLE_MODULES = YES;
				CLANG_ENABLE_OBJC_ARC = YES;
				CLANG_WARN_BLOCK_CAPTURE_AUTORELEASING = YES;
				CLANG_WARN_BOOL_CONVERSION = YES;
				CLANG_WARN_COMMA = YES;
				CLANG_WARN_CONSTANT_CONVERSION = YES;
				CLANG_WARN_DIRECT_OBJC_ISA_USAGE = YES_ERROR;
				CLANG_WARN_DOCUMENTATION_COMMENTS = YES;
				CLANG_WARN_EMPTY_BODY = YES;
				CLANG_WARN_ENUM_CONVERSION = YES;
				CLANG_WARN_INFINITE_RECURSION = YES;
				CLANG_WARN_INT_CONVERSION = YES;
				CLANG_WARN_NON_LITERAL_NULL_CONVERSION = YES;
				CLANG_WARN_OBJC_LITERAL_CONVERSION = YES;
				CLANG_WARN_OBJC_ROOT_CLASS = YES_ERROR;
				CLANG_WARN_RANGE_LOOP_ANALYSIS = YES;
				CLANG_WARN_STRICT_PROTOTYPES = YES;
				CLANG_WARN_SUSPICIOUS_MOVE = YES;
				CLANG_WARN_UNGUARDED_AVAILABILITY = YES_AGGRESSIVE;
				CLANG_WARN_UNREACHABLE_CODE = YES;
				CLANG_WARN__DUPLICATE_METHOD_MATCH = YES;
				CODE_SIGN_IDENTITY = "iPhone Developer";
				COPY_PHASE_STRIP = NO;
				DEBUG_INFORMATION_FORMAT = dwarf;
				ENABLE_STRICT_OBJC_MSGSEND = YES;
				ENABLE_TESTABILITY = YES;
				GCC_C_LANGUAGE_STANDARD = gnu11;
				GCC_DYNAMIC_NO_PIC = NO;
				GCC_NO_COMMON_BLOCKS = YES;
				GCC_OPTIMIZATION_LEVEL = 0;
				GCC_PREPROCESSOR_DEFINITIONS = (
					"DEBUG=1",
					"$(inherited)",
				);
				GCC_WARN_64_TO_32_BIT_CONVERSION = YES;
				GCC_WARN_ABOUT_RETURN_TYPE = YES_ERROR;
				GCC_WARN_UNDECLARED_SELECTOR = YES;
				GCC_WARN_UNINITIALIZED_AUTOS = YES_AGGRESSIVE;
				GCC_WARN_UNUSED_FUNCTION = YES;
				GCC_WARN_UNUSED_VARIABLE = YES;
				IPHONEOS_DEPLOYMENT_TARGET = 11.0;
				MTL_ENABLE_DEBUG_INFO = YES;
				ONLY_ACTIVE_ARCH = YES;
				SDKROOT = iphoneos;
			};
			name = Debug;
		};
		9399581F20DFC8C3004859EC /* Release */ = {
			isa = XCBuildConfiguration;
			buildSettings = {
				ALWAYS_SEARCH_USER_PATHS = NO;
				CLANG_ANALYZER_NONNULL = YES;
				CLANG_ANALYZER_NUMBER_OBJECT_CONVERSION = YES_AGGRESSIVE;
				CLANG_CXX_LANGUAGE_STANDARD = "gnu++14";
				CLANG_CXX_LIBRARY = "libc++";
				CLANG_ENABLE_MODULES = YES;
				CLANG_ENABLE_OBJC_ARC = YES;
				CLANG_WARN_BLOCK_CAPTURE_AUTORELEASING = YES;
				CLANG_WARN_BOOL_CONVERSION = YES;
				CLANG_WARN_COMMA = YES;
				CLANG_WARN_CONSTANT_CONVERSION = YES;
				CLANG_WARN_DIRECT_OBJC_ISA_USAGE = YES_ERROR;
				CLANG_WARN_DOCUMENTATION_COMMENTS = YES;
				CLANG_WARN_EMPTY_BODY = YES;
				CLANG_WARN_ENUM_CONVERSION = YES;
				CLANG_WARN_INFINITE_RECURSION = YES;
				CLANG_WARN_INT_CONVERSION = YES;
				CLANG_WARN_NON_LITERAL_NULL_CONVERSION = YES;
				CLANG_WARN_OBJC_LITERAL_CONVERSION = YES;
				CLANG_WARN_OBJC_ROOT_CLASS = YES_ERROR;
				CLANG_WARN_RANGE_LOOP_ANALYSIS = YES;
				CLANG_WARN_STRICT_PROTOTYPES = YES;
				CLANG_WARN_SUSPICIOUS_MOVE = YES;
				CLANG_WARN_UNGUARDED_AVAILABILITY = YES_AGGRESSIVE;
				CLANG_WARN_UNREACHABLE_CODE = YES;
				CLANG_WARN__DUPLICATE_METHOD_MATCH = YES;
				CODE_SIGN_IDENTITY = "iPhone Developer";
				COPY_PHASE_STRIP = NO;
				DEBUG_INFORMATION_FORMAT = "dwarf-with-dsym";
				ENABLE_NS_ASSERTIONS = NO;
				ENABLE_STRICT_OBJC_MSGSEND = YES;
				GCC_C_LANGUAGE_STANDARD = gnu11;
				GCC_NO_COMMON_BLOCKS = YES;
				GCC_WARN_64_TO_32_BIT_CONVERSION = YES;
				GCC_WARN_ABOUT_RETURN_TYPE = YES_ERROR;
				GCC_WARN_UNDECLARED_SELECTOR = YES;
				GCC_WARN_UNINITIALIZED_AUTOS = YES_AGGRESSIVE;
				GCC_WARN_UNUSED_FUNCTION = YES;
				GCC_WARN_UNUSED_VARIABLE = YES;
				IPHONEOS_DEPLOYMENT_TARGET = 11.0;
				MTL_ENABLE_DEBUG_INFO = NO;
				SDKROOT = iphoneos;
				VALIDATE_PRODUCT = YES;
			};
			name = Release;
		};
		9399582120DFC8C3004859EC /* Debug */ = {
			isa = XCBuildConfiguration;
			buildSettings = {
				ASSETCATALOG_COMPILER_APPICON_NAME = AppIcon;
				CODE_SIGN_STYLE = Automatic;
				INFOPLIST_FILE = GCD/Info.plist;
				LD_RUNPATH_SEARCH_PATHS = "$(inherited) @executable_path/Frameworks";
				PRODUCT_BUNDLE_IDENTIFIER = wenwen.GCD;
				PRODUCT_NAME = "$(TARGET_NAME)";
				TARGETED_DEVICE_FAMILY = "1,2";
			};
			name = Debug;
		};
		9399582220DFC8C3004859EC /* Release */ = {
			isa = XCBuildConfiguration;
			buildSettings = {
				ASSETCATALOG_COMPILER_APPICON_NAME = AppIcon;
				CODE_SIGN_STYLE = Automatic;
				INFOPLIST_FILE = GCD/Info.plist;
				LD_RUNPATH_SEARCH_PATHS = "$(inherited) @executable_path/Frameworks";
				PRODUCT_BUNDLE_IDENTIFIER = wenwen.GCD;
				PRODUCT_NAME = "$(TARGET_NAME)";
				TARGETED_DEVICE_FAMILY = "1,2";
			};
			name = Release;
		};
		9399582420DFC8C3004859EC /* Debug */ = {
			isa = XCBuildConfiguration;
			buildSettings = {
				BUNDLE_LOADER = "$(TEST_HOST)";
				CODE_SIGN_STYLE = Automatic;
				INFOPLIST_FILE = GCDTests/Info.plist;
				LD_RUNPATH_SEARCH_PATHS = "$(inherited) @executable_path/Frameworks @loader_path/Frameworks";
				PRODUCT_BUNDLE_IDENTIFIER = wenwen.GCDTests;
				PRODUCT_NAME = "$(TARGET_NAME)";
				TARGETED_DEVICE_FAMILY = "1,2";
				TEST_HOST = "$(BUILT_PRODUCTS_DIR)/GCD.app/GCD";
			};
			name = Debug;
		};
		9399582520DFC8C3004859EC /* Release */ = {
			isa = XCBuildConfiguration;
			buildSettings = {
				BUNDLE_LOADER = "$(TEST_HOST)";
				CODE_SIGN_STYLE = Automatic;
				INFOPLIST_FILE = GCDTests/Info.plist;
				LD_RUNPATH_SEARCH_PATHS = "$(inherited) @executable_path/Frameworks @loader_path/Frameworks";
				PRODUCT_BUNDLE_IDENTIFIER = wenwen.GCDTests;
				PRODUCT_NAME = "$(TARGET_NAME)";
				TARGETED_DEVICE_FAMILY = "1,2";
				TEST_HOST = "$(BUILT_PRODUCTS_DIR)/GCD.app/GCD";
			};
			name = Release;
		};
		9399582720DFC8C3004859EC /* Debug */ = {
			isa = XCBuildConfiguration;
			buildSettings = {
				CODE_SIGN_STYLE = Automatic;
				INFOPLIST_FILE = GCDUITests/Info.plist;
				LD_RUNPATH_SEARCH_PATHS = "$(inherited) @executable_path/Frameworks @loader_path/Frameworks";
				PRODUCT_BUNDLE_IDENTIFIER = wenwen.GCDUITests;
				PRODUCT_NAME = "$(TARGET_NAME)";
				TARGETED_DEVICE_FAMILY = "1,2";
				TEST_TARGET_NAME = GCD;
			};
			name = Debug;
		};
		9399582820DFC8C3004859EC /* Release */ = {
			isa = XCBuildConfiguration;
			buildSettings = {
				CODE_SIGN_STYLE = Automatic;
				INFOPLIST_FILE = GCDUITests/Info.plist;
				LD_RUNPATH_SEARCH_PATHS = "$(inherited) @executable_path/Frameworks @loader_path/Frameworks";
				PRODUCT_BUNDLE_IDENTIFIER = wenwen.GCDUITests;
				PRODUCT_NAME = "$(TARGET_NAME)";
				TARGETED_DEVICE_FAMILY = "1,2";
				TEST_TARGET_NAME = GCD;
			};
			name = Release;
		};
/* End XCBuildConfiguration section */

/* Begin XCConfigurationList section */
		939957EF20DFC8C2004859EC /* Build configuration list for PBXProject "GCD" */ = {
			isa = XCConfigurationList;
			buildConfigurations = (
				9399581E20DFC8C3004859EC /* Debug */,
				9399581F20DFC8C3004859EC /* Release */,
			);
			defaultConfigurationIsVisible = 0;
			defaultConfigurationName = Release;
		};
		9399582020DFC8C3004859EC /* Build configuration list for PBXNativeTarget "GCD" */ = {
			isa = XCConfigurationList;
			buildConfigurations = (
				9399582120DFC8C3004859EC /* Debug */,
				9399582220DFC8C3004859EC /* Release */,
			);
			defaultConfigurationIsVisible = 0;
			defaultConfigurationName = Release;
		};
		9399582320DFC8C3004859EC /* Build configuration list for PBXNativeTarget "GCDTests" */ = {
			isa = XCConfigurationList;
			buildConfigurations = (
				9399582420DFC8C3004859EC /* Debug */,
				9399582520DFC8C3004859EC /* Release */,
			);
			defaultConfigurationIsVisible = 0;
			defaultConfigurationName = Release;
		};
		9399582620DFC8C3004859EC /* Build configuration list for PBXNativeTarget "GCDUITests" */ = {
			isa = XCConfigurationList;
			buildConfigurations = (
				9399582720DFC8C3004859EC /* Debug */,
				9399582820DFC8C3004859EC /* Release */,
			);
			defaultConfigurationIsVisible = 0;
			defaultConfigurationName = Release;
		};
/* End XCConfigurationList section */
	};
	rootObject = 939957EC20DFC8C2004859EC /* Project object */;
}
